{
    "_readme": [
        "This file locks the dependencies of your project to a known state",
        "Read more about it at https://getcomposer.org/doc/01-basic-usage.md#installing-dependencies",
        "This file is @generated automatically"
    ],
    "content-hash": "cf970b1e4bc44b96361255b22d25399d",
    "packages": [
        {
            "name": "league/html-to-markdown",
            "version": "2.2.2",
            "source": {
                "type": "git",
                "url": "https://github.com/thephpleague/html-to-markdown.git",
                "reference": "08491df8e9475b219659400edf68416d8044a9db"
            },
            "dist": {
                "type": "zip",
                "url": "https://api.github.com/repos/thephpleague/html-to-markdown/zipball/08491df8e9475b219659400edf68416d8044a9db",
                "reference": "08491df8e9475b219659400edf68416d8044a9db",
                "shasum": ""
            },
            "require": {
                "php": ">=5.3"
            },
            "require-dev": {
                "php": ">=5.3.3",
                "phpunit/phpunit": "4.*"
            },
            "type": "library",
            "autoload": {
                "classmap": [
                    "HTML_To_Markdown.php"
                ]
            },
            "notification-url": "https://packagist.org/downloads/",
            "license": [
                "MIT"
            ],
            "authors": [
                {
                    "name": "Nick Cernis",
                    "email": "nick@cern.is",
                    "homepage": "http://modernnerd.net"
                }
            ],
            "description": "An HTML-to-markdown conversion helper for PHP",
            "homepage": "https://github.com/nickcernis/html-to-markdown",
            "keywords": [
                "html",
                "markdown"
            ],
            "support": {
                "issues": "https://github.com/thephpleague/html-to-markdown/issues",
                "source": "https://github.com/thephpleague/html-to-markdown/tree/2.2.2"
            },
            "time": "2015-05-29T13:27:02+00:00"
        }
    ],
    "packages-dev": [],
    "aliases": [],
    "minimum-stability": "stable",
    "stability-flags": [],
    "prefer-stable": false,
    "prefer-lowest": false,
    "platform": [],
    "platform-dev": [],
    "plugin-api-version": "2.6.0"
}
